// !$*UTF8*$!
{
	archiveVersion = 1;
	classes = {
	};
	objectVersion = 46;
	objects = {

/* Begin PBXBuildFile section */
		DC7DB6B61DCAE3F8003C6268 /* main.m in Sources */ = {isa = PBXBuildFile; fileRef = DC7DB6B51DCAE3F8003C6268 /* main.m */; };
		DC7DB6B91DCAE3F8003C6268 /* AppDelegate.m in Sources */ = {isa = PBXBuildFile; fileRef = DC7DB6B81DCAE3F8003C6268 /* AppDelegate.m */; };
		DC7DB6BC1DCAE3F8003C6268 /* ViewController.m in Sources */ = {isa = PBXBuildFile; fileRef = DC7DB6BB1DCAE3F8003C6268 /* ViewController.m */; };
		DC7DB6BF1DCAE3F8003C6268 /* Main.storyboard in Resources */ = {isa = PBXBuildFile; fileRef = DC7DB6BD1DCAE3F8003C6268 /* Main.storyboard */; };
		DC7DB6C21DCAE3F8003C6268 /* runtimeWithKVC.xcdatamodeld in Sources */ = {isa = PBXBuildFile; fileRef = DC7DB6C01DCAE3F8003C6268 /* runtimeWithKVC.xcdatamodeld */; };
		DC7DB6C41DCAE3F8003C6268 /* Assets.xcassets in Resources */ = {isa = PBXBuildFile; fileRef = DC7DB6C31DCAE3F8003C6268 /* Assets.xcassets */; };
		DC7DB6C71DCAE3F8003C6268 /* LaunchScreen.storyboard in Resources */ = {isa = PBXBuildFile; fileRef = DC7DB6C51DCAE3F8003C6268 /* LaunchScreen.storyboard */; };
		DC7DB6D21DCAE3F8003C6268 /* runtimeWithKVCTests.m in Sources */ = {isa = PBXBuildFile; fileRef = DC7DB6D11DCAE3F8003C6268 /* runtimeWithKVCTests.m */; };
		DC7DB6DD1DCAE3F8003C6268 /* runtimeWithKVCUITests.m in Sources */ = {isa = PBXBuildFile; fileRef = DC7DB6DC1DCAE3F8003C6268 /* runtimeWithKVCUITests.m */; };
		DC7DB6EC1DCAE4C4003C6268 /* Person.m in Sources */ = {isa = PBXBuildFile; fileRef = DC7DB6EB1DCAE4C4003C6268 /* Person.m */; };
/* End PBXBuildFile section */

/* Begin PBXContainerItemProxy section */
		DC7DB6CE1DCAE3F8003C6268 /* PBXContainerItemProxy */ = {
			isa = PBXContainerItemProxy;
			containerPortal = DC7DB6A91DCAE3F8003C6268 /* Project object */;
			proxyType = 1;
			remoteGlobalIDString = DC7DB6B01DCAE3F8003C6268;
			remoteInfo = runtimeWithKVC;
		};
		DC7DB6D91DCAE3F8003C6268 /* PBXContainerItemProxy */ = {
			isa = PBXContainerItemProxy;
			containerPortal = DC7DB6A91DCAE3F8003C6268 /* Project object */;
			proxyType = 1;
			remoteGlobalIDString = DC7DB6B01DCAE3F8003C6268;
			remoteInfo = runtimeWithKVC;
		};
/* End PBXContainerItemProxy section */

/* Begin PBXFileReference section */
		DC7DB6B11DCAE3F8003C6268 /* runtimeWithKVC.app */ = {isa = PBXFileReference; explicitFileType = wrapper.application; includeInIndex = 0; path = runtimeWithKVC.app; sourceTree = BUILT_PRODUCTS_DIR; };
		DC7DB6B51DCAE3F8003C6268 /* main.m */ = {isa = PBXFileReference; lastKnownFileType = sourcecode.c.objc; path = main.m; sourceTree = "<group>"; };
		DC7DB6B71DCAE3F8003C6268 /* AppDelegate.h */ = {isa = PBXFileReference; lastKnownFileType = sourcecode.c.h; path = AppDelegate.h; sourceTree = "<group>"; };
		DC7DB6B81DCAE3F8003C6268 /* AppDelegate.m */ = {isa = PBXFileReference; lastKnownFileType = sourcecode.c.objc; path = AppDelegate.m; sourceTree = "<group>"; };
		DC7DB6BA1DCAE3F8003C6268 /* ViewController.h */ = {isa = PBXFileReference; lastKnownFileType = sourcecode.c.h; path = ViewController.h; sourceTree = "<group>"; };
		DC7DB6BB1DCAE3F8003C6268 /* ViewController.m */ = {isa = PBXFileReference; lastKnownFileType = sourcecode.c.objc; path = ViewController.m; sourceTree = "<group>"; };
		DC7DB6BE1DCAE3F8003C6268 /* Base */ = {isa = PBXFileReference; lastKnownFileType = file.storyboard; name = Base; path = Base.lproj/Main.storyboard; sourceTree = "<group>"; };
		DC7DB6C11DCAE3F8003C6268 /* runtimeWithKVC.xcdatamodel */ = {isa = PBXFileReference; lastKnownFileType = wrapper.xcdatamodel; path = runtimeWithKVC.xcdatamodel; sourceTree = "<group>"; };
		DC7DB6C31DCAE3F8003C6268 /* Assets.xcassets */ = {isa = PBXFileReference; lastKnownFileType = folder.assetcatalog; path = Assets.xcassets; sourceTree = "<group>"; };
		DC7DB6C61DCAE3F8003C6268 /* Base */ = {isa = PBXFileReference; lastKnownFileType = file.storyboard; name = Base; path = Base.lproj/LaunchScreen.storyboard; sourceTree = "<group>"; };
		DC7DB6C81DCAE3F8003C6268 /* Info.plist */ = {isa = PBXFileReference; lastKnownFileType = text.plist.xml; path = Info.plist; sourceTree = "<group>"; };
		DC7DB6CD1DCAE3F8003C6268 /* runtimeWithKVCTests.xctest */ = {isa = PBXFileReference; explicitFileType = wrapper.cfbundle; includeInIndex = 0; path = runtimeWithKVCTests.xctest; sourceTree = BUILT_PRODUCTS_DIR; };
		DC7DB6D11DCAE3F8003C6268 /* runtimeWithKVCTests.m */ = {isa = PBXFileReference; lastKnownFileType = sourcecode.c.objc; path = runtimeWithKVCTests.m; sourceTree = "<group>"; };
		DC7DB6D31DCAE3F8003C6268 /* Info.plist */ = {isa = PBXFileReference; lastKnownFileType = text.plist.xml; path = Info.plist; sourceTree = "<group>"; };
		DC7DB6D81DCAE3F8003C6268 /* runtimeWithKVCUITests.xctest */ = {isa = PBXFileReference; explicitFileType = wrapper.cfbundle; includeInIndex = 0; path = runtimeWithKVCUITests.xctest; sourceTree = BUILT_PRODUCTS_DIR; };
		DC7DB6DC1DCAE3F8003C6268 /* runtimeWithKVCUITests.m */ = {isa = PBXFileReference; lastKnownFileType = sourcecode.c.objc; path = runtimeWithKVCUITests.m; sourceTree = "<group>"; };
		DC7DB6DE1DCAE3F8003C6268 /* Info.plist */ = {isa = PBXFileReference; lastKnownFileType = text.plist.xml; path = Info.plist; sourceTree = "<group>"; };
		DC7DB6EA1DCAE4C4003C6268 /* Person.h */ = {isa = PBXFileReference; fileEncoding = 4; lastKnownFileType = sourcecode.c.h; path = Person.h; sourceTree = "<group>"; };
		DC7DB6EB1DCAE4C4003C6268 /* Person.m */ = {isa = PBXFileReference; fileEncoding = 4; lastKnownFileType = sourcecode.c.objc; path = Person.m; sourceTree = "<group>"; };
/* End PBXFileReference section */

/* Begin PBXFrameworksBuildPhase section */
		DC7DB6AE1DCAE3F8003C6268 /* Frameworks */ = {
			isa = PBXFrameworksBuildPhase;
			buildActionMask = 2147483647;
			files = (
			);
			runOnlyForDeploymentPostprocessing = 0;
		};
		DC7DB6CA1DCAE3F8003C6268 /* Frameworks */ = {
			isa = PBXFrameworksBuildPhase;
			buildActionMask = 2147483647;
			files = (
			);
			runOnlyForDeploymentPostprocessing = 0;
		};
		DC7DB6D51DCAE3F8003C6268 /* Frameworks */ = {
			isa = PBXFrameworksBuildPhase;
			buildActionMask = 2147483647;
			files = (
			);
			runOnlyForDeploymentPostprocessing = 0;
		};
/* End PBXFrameworksBuildPhase section */

/* Begin PBXGroup section */
		DC7DB6A81DCAE3F8003C6268 = {
			isa = PBXGroup;
			children = (
				DC7DB6B31DCAE3F8003C6268 /* runtimeWithKVC */,
				DC7DB6D01DCAE3F8003C6268 /* runtimeWithKVCTests */,
				DC7DB6DB1DCAE3F8003C6268 /* runtimeWithKVCUITests */,
				DC7DB6B21DCAE3F8003C6268 /* Products */,
			);
			sourceTree = "<group>";
		};
		DC7DB6B21DCAE3F8003C6268 /* Products */ = {
			isa = PBXGroup;
			children = (
				DC7DB6B11DCAE3F8003C6268 /* runtimeWithKVC.app */,
				DC7DB6CD1DCAE3F8003C6268 /* runtimeWithKVCTests.xctest */,
				DC7DB6D81DCAE3F8003C6268 /* runtimeWithKVCUITests.xctest */,
			);
			name = Products;
			sourceTree = "<group>";
		};
		DC7DB6B31DCAE3F8003C6268 /* runtimeWithKVC */ = {
			isa = PBXGroup;
			children = (
				DC7DB6B71DCAE3F8003C6268 /* AppDelegate.h */,
				DC7DB6B81DCAE3F8003C6268 /* AppDelegate.m */,
				DC7DB6BA1DCAE3F8003C6268 /* ViewController.h */,
				DC7DB6BB1DCAE3F8003C6268 /* ViewController.m */,
				DC7DB6EA1DCAE4C4003C6268 /* Person.h */,
				DC7DB6EB1DCAE4C4003C6268 /* Person.m */,
				DC7DB6BD1DCAE3F8003C6268 /* Main.storyboard */,
				DC7DB6C31DCAE3F8003C6268 /* Assets.xcassets */,
				DC7DB6C51DCAE3F8003C6268 /* LaunchScreen.storyboard */,
				DC7DB6C81DCAE3F8003C6268 /* Info.plist */,
				DC7DB6C01DCAE3F8003C6268 /* runtimeWithKVC.xcdatamodeld */,
				DC7DB6B41DCAE3F8003C6268 /* Supporting Files */,
			);
			path = runtimeWithKVC;
			sourceTree = "<group>";
		};
		DC7DB6B41DCAE3F8003C6268 /* Supporting Files */ = {
			isa = PBXGroup;
			children = (
				DC7DB6B51DCAE3F8003C6268 /* main.m */,
			);
			name = "Supporting Files";
			sourceTree = "<group>";
		};
		DC7DB6D01DCAE3F8003C6268 /* runtimeWithKVCTests */ = {
			isa = PBXGroup;
			children = (
				DC7DB6D11DCAE3F8003C6268 /* runtimeWithKVCTests.m */,
				DC7DB6D31DCAE3F8003C6268 /* Info.plist */,
			);
			path = runtimeWithKVCTests;
			sourceTree = "<group>";
		};
		DC7DB6DB1DCAE3F8003C6268 /* runtimeWithKVCUITests */ = {
			isa = PBXGroup;
			children = (
				DC7DB6DC1DCAE3F8003C6268 /* runtimeWithKVCUITests.m */,
				DC7DB6DE1DCAE3F8003C6268 /* Info.plist */,
			);
			path = runtimeWithKVCUITests;
			sourceTree = "<group>";
		};
/* End PBXGroup section */

/* Begin PBXNativeTarget section */
		DC7DB6B01DCAE3F8003C6268 /* runtimeWithKVC */ = {
			isa = PBXNativeTarget;
			buildConfigurationList = DC7DB6E11DCAE3F8003C6268 /* Build configuration list for PBXNativeTarget "runtimeWithKVC" */;
			buildPhases = (
				DC7DB6AD1DCAE3F8003C6268 /* Sources */,
				DC7DB6AE1DCAE3F8003C6268 /* Frameworks */,
				DC7DB6AF1DCAE3F8003C6268 /* Resources */,
			);
			buildRules = (
			);
			dependencies = (
			);
			name = runtimeWithKVC;
			productName = runtimeWithKVC;
			productReference = DC7DB6B11DCAE3F8003C6268 /* runtimeWithKVC.app */;
			productType = "com.apple.product-type.application";
		};
		DC7DB6CC1DCAE3F8003C6268 /* runtimeWithKVCTests */ = {
			isa = PBXNativeTarget;
			buildConfigurationList = DC7DB6E41DCAE3F8003C6268 /* Build configuration list for PBXNativeTarget "runtimeWithKVCTests" */;
			buildPhases = (
				DC7DB6C91DCAE3F8003C6268 /* Sources */,
				DC7DB6CA1DCAE3F8003C6268 /* Frameworks */,
				DC7DB6CB1DCAE3F8003C6268 /* Resources */,
			);
			buildRules = (
			);
			dependencies = (
				DC7DB6CF1DCAE3F8003C6268 /* PBXTargetDependency */,
			);
			name = runtimeWithKVCTests;
			productName = runtimeWithKVCTests;
			productReference = DC7DB6CD1DCAE3F8003C6268 /* runtimeWithKVCTests.xctest */;
			productType = "com.apple.product-type.bundle.unit-test";
		};
		DC7DB6D71DCAE3F8003C6268 /* runtimeWithKVCUITests */ = {
			isa = PBXNativeTarget;
			buildConfigurationList = DC7DB6E71DCAE3F8003C6268 /* Build configuration list for PBXNativeTarget "runtimeWithKVCUITests" */;
			buildPhases = (
				DC7DB6D41DCAE3F8003C6268 /* Sources */,
				DC7DB6D51DCAE3F8003C6268 /* Frameworks */,
				DC7DB6D61DCAE3F8003C6268 /* Resources */,
			);
			buildRules = (
			);
			dependencies = (
				DC7DB6DA1DCAE3F8003C6268 /* PBXTargetDependency */,
			);
			name = runtimeWithKVCUITests;
			productName = runtimeWithKVCUITests;
			productReference = DC7DB6D81DCAE3F8003C6268 /* runtimeWithKVCUITests.xctest */;
			productType = "com.apple.product-type.bundle.ui-testing";
		};
/* End PBXNativeTarget section */

/* Begin PBXProject section */
		DC7DB6A91DCAE3F8003C6268 /* Project object */ = {
			isa = PBXProject;
			attributes = {
				LastUpgradeCheck = 0800;
				ORGANIZATIONNAME = tan;
				TargetAttributes = {
					DC7DB6B01DCAE3F8003C6268 = {
						CreatedOnToolsVersion = 8.0;
						DevelopmentTeam = U4HDFP27TK;
						ProvisioningStyle = Automatic;
					};
					DC7DB6CC1DCAE3F8003C6268 = {
						CreatedOnToolsVersion = 8.0;
						DevelopmentTeam = U4HDFP27TK;
						ProvisioningStyle = Automatic;
						TestTargetID = DC7DB6B01DCAE3F8003C6268;
					};
					DC7DB6D71DCAE3F8003C6268 = {
						CreatedOnToolsVersion = 8.0;
						DevelopmentTeam = U4HDFP27TK;
						ProvisioningStyle = Automatic;
						TestTargetID = DC7DB6B01DCAE3F8003C6268;
					};
				};
			};
			buildConfigurationList = DC7DB6AC1DCAE3F8003C6268 /* Build configuration list for PBXProject "runtimeWithKVC" */;
			compatibilityVersion = "Xcode 3.2";
			developmentRegion = English;
			hasScannedForEncodings = 0;
			knownRegions = (
				en,
				Base,
			);
			mainGroup = DC7DB6A81DCAE3F8003C6268;
			productRefGroup = DC7DB6B21DCAE3F8003C6268 /* Products */;
			projectDirPath = "";
			projectRoot = "";
			targets = (
				DC7DB6B01DCAE3F8003C6268 /* runtimeWithKVC */,
				DC7DB6CC1DCAE3F8003C6268 /* runtimeWithKVCTests */,
				DC7DB6D71DCAE3F8003C6268 /* runtimeWithKVCUITests */,
			);
		};
/* End PBXProject section */

/* Begin PBXResourcesBuildPhase section */
		DC7DB6AF1DCAE3F8003C6268 /* Resources */ = {
			isa = PBXResourcesBuildPhase;
			buildActionMask = 2147483647;
			files = (
				DC7DB6C71DCAE3F8003C6268 /* LaunchScreen.storyboard in Resources */,
				DC7DB6C41DCAE3F8003C6268 /* Assets.xcassets in Resources */,
				DC7DB6BF1DCAE3F8003C6268 /* Main.storyboard in Resources */,
			);
			runOnlyForDeploymentPostprocessing = 0;
		};
		DC7DB6CB1DCAE3F8003C6268 /* Resources */ = {
			isa = PBXResourcesBuildPhase;
			buildActionMask = 2147483647;
			files = (
			);
			runOnlyForDeploymentPostprocessing = 0;
		};
		DC7DB6D61DCAE3F8003C6268 /* Resources */ = {
			isa = PBXResourcesBuildPhase;
			buildActionMask = 2147483647;
			files = (
			);
			runOnlyForDeploymentPostprocessing = 0;
		};
/* End PBXResourcesBuildPhase section */

/* Begin PBXSourcesBuildPhase section */
		DC7DB6AD1DCAE3F8003C6268 /* Sources */ = {
			isa = PBXSourcesBuildPhase;
			buildActionMask = 2147483647;
			files = (
				DC7DB6BC1DCAE3F8003C6268 /* ViewController.m in Sources */,
				DC7DB6B91DCAE3F8003C6268 /* AppDelegate.m in Sources */,
				DC7DB6EC1DCAE4C4003C6268 /* Person.m in Sources */,
				DC7DB6B61DCAE3F8003C6268 /* main.m in Sources */,
				DC7DB6C21DCAE3F8003C6268 /* runtimeWithKVC.xcdatamodeld in Sources */,
			);
			runOnlyForDeploymentPostprocessing = 0;
		};
		DC7DB6C91DCAE3F8003C6268 /* Sources */ = {
			isa = PBXSourcesBuildPhase;
			buildActionMask = 2147483647;
			files = (
				DC7DB6D21DCAE3F8003C6268 /* runtimeWithKVCTests.m in Sources */,
			);
			runOnlyForDeploymentPostprocessing = 0;
		};
		DC7DB6D41DCAE3F8003C6268 /* Sources */ = {
			isa = PBXSourcesBuildPhase;
			buildActionMask = 2147483647;
			files = (
				DC7DB6DD1DCAE3F8003C6268 /* runtimeWithKVCUITests.m in Sources */,
			);
			runOnlyForDeploymentPostprocessing = 0;
		};
/* End PBXSourcesBuildPhase section */

/* Begin PBXTargetDependency section */
		DC7DB6CF1DCAE3F8003C6268 /* PBXTargetDependency */ = {
			isa = PBXTargetDependency;
			target = DC7DB6B01DCAE3F8003C6268 /* runtimeWithKVC */;
			targetProxy = DC7DB6CE1DCAE3F8003C6268 /* PBXContainerItemProxy */;
		};
		DC7DB6DA1DCAE3F8003C6268 /* PBXTargetDependency */ = {
			isa = PBXTargetDependency;
			target = DC7DB6B01DCAE3F8003C6268 /* runtimeWithKVC */;
			targetProxy = DC7DB6D91DCAE3F8003C6268 /* PBXContainerItemProxy */;
		};
/* End PBXTargetDependency section */

/* Begin PBXVariantGroup section */
		DC7DB6BD1DCAE3F8003C6268 /* Main.storyboard */ = {
			isa = PBXVariantGroup;
			children = (
				DC7DB6BE1DCAE3F8003C6268 /* Base */,
			);
			name = Main.storyboard;
			sourceTree = "<group>";
		};
		DC7DB6C51DCAE3F8003C6268 /* LaunchScreen.storyboard */ = {
			isa = PBXVariantGroup;
			children = (
				DC7DB6C61DCAE3F8003C6268 /* Base */,
			);
			name = LaunchScreen.storyboard;
			sourceTree = "<group>";
		};
/* End PBXVariantGroup section */

/* Begin XCBuildConfiguration section */
		DC7DB6DF1DCAE3F8003C6268 /* Debug */ = {
			isa = XCBuildConfiguration;
			buildSettings = {
				ALWAYS_SEARCH_USER_PATHS = NO;
				CLANG_ANALYZER_NONNULL = YES;
				CLANG_CXX_LANGUAGE_STANDARD = "gnu++0x";
				CLANG_CXX_LIBRARY = "libc++";
				CLANG_ENABLE_MODULES = YES;
				CLANG_ENABLE_OBJC_ARC = YES;
				CLANG_WARN_BOOL_CONVERSION = YES;
				CLANG_WARN_CONSTANT_CONVERSION = YES;
				CLANG_WARN_DIRECT_OBJC_ISA_USAGE = YES_ERROR;
				CLANG_WARN_DOCUMENTATION_COMMENTS = YES;
				CLANG_WARN_EMPTY_BODY = YES;
				CLANG_WARN_ENUM_CONVERSION = YES;
				CLANG_WARN_INFINITE_RECURSION = YES;
				CLANG_WARN_INT_CONVERSION = YES;
				CLANG_WARN_OBJC_ROOT_CLASS = YES_ERROR;
				CLANG_WARN_SUSPICIOUS_MOVES = YES;
				CLANG_WARN_UNREACHABLE_CODE = YES;
				CLANG_WARN__DUPLICATE_METHOD_MATCH = YES;
				"CODE_SIGN_IDENTITY[sdk=iphoneos*]" = "iPhone Developer";
				COPY_PHASE_STRIP = NO;
				DEBUG_INFORMATION_FORMAT = dwarf;
				ENABLE_STRICT_OBJC_MSGSEND = YES;
				ENABLE_TESTABILITY = YES;
				GCC_C_LANGUAGE_STANDARD = gnu99;
				GCC_DYNAMIC_NO_PIC = NO;
				GCC_NO_COMMON_BLOCKS = YES;
				GCC_OPTIMIZATION_LEVEL = 0;
				GCC_PREPROCESSOR_DEFINITIONS = (
					"DEBUG=1",
					"$(inherited)",
				);
				GCC_WARN_64_TO_32_BIT_CONVERSION = YES;
				GCC_WARN_ABOUT_RETURN_TYPE = YES_ERROR;
				GCC_WARN_UNDECLARED_SELECTOR = YES;
				GCC_WARN_UNINITIALIZED_AUTOS = YES_AGGRESSIVE;
				GCC_WARN_UNUSED_FUNCTION = YES;
				GCC_WARN_UNUSED_VARIABLE = YES;
				IPHONEOS_DEPLOYMENT_TARGET = 10.0;
				MTL_ENABLE_DEBUG_INFO = YES;
				ONLY_ACTIVE_ARCH = YES;
				SDKROOT = iphoneos;
			};
			name = Debug;
		};
		DC7DB6E01DCAE3F8003C6268 /* Release */ = {
			isa = XCBuildConfiguration;
			buildSettings = {
				ALWAYS_SEARCH_USER_PATHS = NO;
				CLANG_ANALYZER_NONNULL = YES;
				CLANG_CXX_LANGUAGE_STANDARD = "gnu++0x";
				CLANG_CXX_LIBRARY = "libc++";
				CLANG_ENABLE_MODULES = YES;
				CLANG_ENABLE_OBJC_ARC = YES;
				CLANG_WARN_BOOL_CONVERSION = YES;
				CLANG_WARN_CONSTANT_CONVERSION = YES;
				CLANG_WARN_DIRECT_OBJC_ISA_USAGE = YES_ERROR;
				CLANG_WARN_DOCUMENTATION_COMMENTS = YES;
				CLANG_WARN_EMPTY_BODY = YES;
				CLANG_WARN_ENUM_CONVERSION = YES;
				CLANG_WARN_INFINITE_RECURSION = YES;
				CLANG_WARN_INT_CONVERSION = YES;
				CLANG_WARN_OBJC_ROOT_CLASS = YES_ERROR;
				CLANG_WARN_SUSPICIOUS_MOVES = YES;
				CLANG_WARN_UNREACHABLE_CODE = YES;
				CLANG_WARN__DUPLICATE_METHOD_MATCH = YES;
				"CODE_SIGN_IDENTITY[sdk=iphoneos*]" = "iPhone Developer";
				COPY_PHASE_STRIP = NO;
				DEBUG_INFORMATION_FORMAT = "dwarf-with-dsym";
				ENABLE_NS_ASSERTIONS = NO;
				ENABLE_STRICT_OBJC_MSGSEND = YES;
				GCC_C_LANGUAGE_STANDARD = gnu99;
				GCC_NO_COMMON_BLOCKS = YES;
				GCC_WARN_64_TO_32_BIT_CONVERSION = YES;
				GCC_WARN_ABOUT_RETURN_TYPE = YES_ERROR;
				GCC_WARN_UNDECLARED_SELECTOR = YES;
				GCC_WARN_UNINITIALIZED_AUTOS = YES_AGGRESSIVE;
				GCC_WARN_UNUSED_FUNCTION = YES;
				GCC_WARN_UNUSED_VARIABLE = YES;
				IPHONEOS_DEPLOYMENT_TARGET = 10.0;
				MTL_ENABLE_DEBUG_INFO = NO;
				SDKROOT = iphoneos;
				VALIDATE_PRODUCT = YES;
			};
			name = Release;
		};
		DC7DB6E21DCAE3F8003C6268 /* Debug */ = {
			isa = XCBuildConfiguration;
			buildSettings = {
				ASSETCATALOG_COMPILER_APPICON_NAME = AppIcon;
				DEVELOPMENT_TEAM = U4HDFP27TK;
				INFOPLIST_FILE = runtimeWithKVC/Info.plist;
				LD_RUNPATH_SEARCH_PATHS = "$(inherited) @executable_path/Frameworks";
				PRODUCT_BUNDLE_IDENTIFIER = "boy-xiaokang.runtimeWithKVC";
				PRODUCT_NAME = "$(TARGET_NAME)";
			};
			name = Debug;
		};
		DC7DB6E31DCAE3F8003C6268 /* Release */ = {
			isa = XCBuildConfiguration;
			buildSettings = {
				ASSETCATALOG_COMPILER_APPICON_NAME = AppIcon;
				DEVELOPMENT_TEAM = U4HDFP27TK;
				INFOPLIST_FILE = runtimeWithKVC/Info.plist;
				LD_RUNPATH_SEARCH_PATHS = "$(inherited) @executable_path/Frameworks";
				PRODUCT_BUNDLE_IDENTIFIER = "boy-xiaokang.runtimeWithKVC";
				PRODUCT_NAME = "$(TARGET_NAME)";
			};
			name = Release;
		};
		DC7DB6E51DCAE3F8003C6268 /* Debug */ = {
			isa = XCBuildConfiguration;
			buildSettings = {
				BUNDLE_LOADER = "$(TEST_HOST)";
				DEVELOPMENT_TEAM = U4HDFP27TK;
				INFOPLIST_FILE = runtimeWithKVCTests/Info.plist;
				LD_RUNPATH_SEARCH_PATHS = "$(inherited) @executable_path/Frameworks @loader_path/Frameworks";
				PRODUCT_BUNDLE_IDENTIFIER = "boy-xiaokang.runtimeWithKVCTests";
				PRODUCT_NAME = "$(TARGET_NAME)";
				TEST_HOST = "$(BUILT_PRODUCTS_DIR)/runtimeWithKVC.app/runtimeWithKVC";
			};
			name = Debug;
		};
		DC7DB6E61DCAE3F8003C6268 /* Release */ = {
			isa = XCBuildConfiguration;
			buildSettings = {
				BUNDLE_LOADER = "$(TEST_HOST)";
				DEVELOPMENT_TEAM = U4HDFP27TK;
				INFOPLIST_FILE = runtimeWithKVCTests/Info.plist;
				LD_RUNPATH_SEARCH_PATHS = "$(inherited) @executable_path/Frameworks @loader_path/Frameworks";
				PRODUCT_BUNDLE_IDENTIFIER = "boy-xiaokang.runtimeWithKVCTests";
				PRODUCT_NAME = "$(TARGET_NAME)";
				TEST_HOST = "$(BUILT_PRODUCTS_DIR)/runtimeWithKVC.app/runtimeWithKVC";
			};
			name = Release;
		};
		DC7DB6E81DCAE3F8003C6268 /* Debug */ = {
			isa = XCBuildConfiguration;
			buildSettings = {
				DEVELOPMENT_TEAM = U4HDFP27TK;
				INFOPLIST_FILE = runtimeWithKVCUITests/Info.plist;
				LD_RUNPATH_SEARCH_PATHS = "$(inherited) @executable_path/Frameworks @loader_path/Frameworks";
				PRODUCT_BUNDLE_IDENTIFIER = "boy-xiaokang.runtimeWithKVCUITests";
				PRODUCT_NAME = "$(TARGET_NAME)";
				TEST_TARGET_NAME = runtimeWithKVC;
			};
			name = Debug;
		};
		DC7DB6E91DCAE3F8003C6268 /* Release */ = {
			isa = XCBuildConfiguration;
			buildSettings = {
				DEVELOPMENT_TEAM = U4HDFP27TK;
				INFOPLIST_FILE = runtimeWithKVCUITests/Info.plist;
				LD_RUNPATH_SEARCH_PATHS = "$(inherited) @executable_path/Frameworks @loader_path/Frameworks";
				PRODUCT_BUNDLE_IDENTIFIER = "boy-xiaokang.runtimeWithKVCUITests";
				PRODUCT_NAME = "$(TARGET_NAME)";
				TEST_TARGET_NAME = runtimeWithKVC;
			};
			name = Release;
		};
/* End XCBuildConfiguration section */

/* Begin XCConfigurationList section */
		DC7DB6AC1DCAE3F8003C6268 /* Build configuration list for PBXProject "runtimeWithKVC" */ = {
			isa = XCConfigurationList;
			buildConfigurations = (
				DC7DB6DF1DCAE3F8003C6268 /* Debug */,
				DC7DB6E01DCAE3F8003C6268 /* Release */,
			);
			defaultConfigurationIsVisible = 0;
			defaultConfigurationName = Release;
		};
		DC7DB6E11DCAE3F8003C6268 /* Build configuration list for PBXNativeTarget "runtimeWithKVC" */ = {
			isa = XCConfigurationList;
			buildConfigurations = (
				DC7DB6E21DCAE3F8003C6268 /* Debug */,
				DC7DB6E31DCAE3F8003C6268 /* Release */,
			);
			defaultConfigurationIsVisible = 0;
		};
		DC7DB6E41DCAE3F8003C6268 /* Build configuration list for PBXNativeTarget "runtimeWithKVCTests" */ = {
			isa = XCConfigurationList;
			buildConfigurations = (
				DC7DB6E51DCAE3F8003C6268 /* Debug */,
				DC7DB6E61DCAE3F8003C6268 /* Release */,
			);
			defaultConfigurationIsVisible = 0;
		};
		DC7DB6E71DCAE3F8003C6268 /* Build configuration list for PBXNativeTarget "runtimeWithKVCUITests" */ = {
			isa = XCConfigurationList;
			buildConfigurations = (
				DC7DB6E81DCAE3F8003C6268 /* Debug */,
				DC7DB6E91DCAE3F8003C6268 /* Release */,
			);
			defaultConfigurationIsVisible = 0;
		};
/* End XCConfigurationList section */

/* Begin XCVersionGroup section */
		DC7DB6C01DCAE3F8003C6268 /* runtimeWithKVC.xcdatamodeld */ = {
			isa = XCVersionGroup;
			children = (
				DC7DB6C11DCAE3F8003C6268 /* runtimeWithKVC.xcdatamodel */,
			);
			currentVersion = DC7DB6C11DCAE3F8003C6268 /* runtimeWithKVC.xcdatamodel */;
			path = runtimeWithKVC.xcdatamodeld;
			sourceTree = "<group>";
			versionGroupType = wrapper.xcdatamodel;
		};
/* End XCVersionGroup section */
	};
	rootObject = DC7DB6A91DCAE3F8003C6268 /* Project object */;
}
